
Microsoft Visual Studio Solution File, Format Version 12.00
# Visual Studio Version 17
VisualStudioVersion = 17.2.32516.85
MinimumVisualStudioVersion = 10.0.40219.1
Project("{FAE04EC0-301F-11D3-BF4B-00C04F79EFBC}") = "SvgDrawServer", "SvgDrawServer\SvgDrawServer.csproj", "{4895EEB4-5DDE-4816-B6FC-88269BD065B6}"
EndProject
Global
	GlobalSection(SolutionConfigurationPlatforms) = preSolution
		Debug|Any CPU = Debug|Any CPU
		Release|Any CPU = Release|Any CPU
	EndGlobalSection
	GlobalSection(ProjectConfigurationPlatforms) = postSolution
		{4895EEB4-5DDE-4816-B6FC-88269BD065B6}.Debug|Any CPU.ActiveCfg = Debug|Any CPU
		{4895EEB4-5DDE-4816-B6FC-88269BD065B6}.Debug|Any CPU.Build.0 = Debug|Any CPU
		{4895EEB4-5DDE-4816-B6FC-88269BD065B6}.Release|Any CPU.ActiveCfg = Release|Any CPU
		{4895EEB4-5DDE-4816-B6FC-88269BD065B6}.Release|Any CPU.Build.0 = Release|Any CPU
	EndGlobalSection
	GlobalSection(SolutionProperties) = preSolution
		HideSolutionNode = FALSE
	EndGlobalSection
	GlobalSection(ExtensibilityGlobals) = postSolution
		SolutionGuid = {686D564E-6F79-4247-861E-B967D8576D06}
	EndGlobalSection
EndGlobal
